
Microsoft Visual Studio Solution File, Format Version 12.00
# Visual Studio Version 17
VisualStudioVersion = 17.4.33213.308
MinimumVisualStudioVersion = 10.0.40219.1
Project("{FAE04EC0-301F-11D3-BF4B-00C04F79EFBC}") = "Zero Hunger", "Zero Hunger\Zero Hunger.csproj", "{BEB065C8-031E-46D7-B04E-1E27A8D0EE09}"
EndProject
Global
	GlobalSection(SolutionConfigurationPlatforms) = preSolution
		Debug|Any CPU = Debug|Any CPU
		Release|Any CPU = Release|Any CPU
	EndGlobalSection
	GlobalSection(ProjectConfigurationPlatforms) = postSolution
		{BEB065C8-031E-46D7-B04E-1E27A8D0EE09}.Debug|Any CPU.ActiveCfg = Debug|Any CPU
		{BEB065C8-031E-46D7-B04E-1E27A8D0EE09}.Debug|Any CPU.Build.0 = Debug|Any CPU
		{BEB065C8-031E-46D7-B04E-1E27A8D0EE09}.Release|Any CPU.ActiveCfg = Release|Any CPU
		{BEB065C8-031E-46D7-B04E-1E27A8D0EE09}.Release|Any CPU.Build.0 = Release|Any CPU
	EndGlobalSection
	GlobalSection(SolutionProperties) = preSolution
		HideSolutionNode = FALSE
	EndGlobalSection
	GlobalSection(ExtensibilityGlobals) = postSolution
		SolutionGuid = {78F51075-8ED6-4AFA-8253-75DB6E36E80D}
	EndGlobalSection
EndGlobal
